
Microsoft Visual Studio Solution File, Format Version 12.00
# Visual Studio Version 17
VisualStudioVersion = 17.0.32014.148
MinimumVisualStudioVersion = 10.0.40219.1
Project("{9A19103F-16F7-4668-BE54-9A1E7A4F7556}") = "OSS.Domain", "src\OSS.Domain\OSS.Domain.csproj", "{B46BDF23-A161-4C48-8466-60F5982FA11A}"
EndProject
Project("{9A19103F-16F7-4668-BE54-9A1E7A4F7556}") = "OSS.App", "src\OSS.App\OSS.App.csproj", "{19DFA28B-4FDD-4180-AA37-F09DE10631CB}"
EndProject
Project("{9A19103F-16F7-4668-BE54-9A1E7A4F7556}") = "OSS.Infra", "src\OSS.Infra\OSS.Infra.csproj", "{623A5AC7-93F7-4D9B-B256-59F69C71BFDB}"
EndProject
Project("{9A19103F-16F7-4668-BE54-9A1E7A4F7556}") = "OSS.Web", "src\OSS.Web\OSS.Web.csproj", "{C6C27A7E-6075-4E3C-A56A-04C6A7B7EC2E}"
EndProject
Project("{2150E333-8FDC-42A3-9474-1A3956D46DE8}") = "Solution Items", "Solution Items", "{7FB08627-891C-49D5-A5AD-FCF685E17F63}"
	ProjectSection(SolutionItems) = preProject
		.editorconfig = .editorconfig
		.gitattributes = .gitattributes
		.gitignore = .gitignore
		LICENSE = LICENSE
		README.md = README.md
	EndProjectSection
EndProject
Project("{FAE04EC0-301F-11D3-BF4B-00C04F79EFBC}") = "OSS.BlazorUI", "src\OSS.BlazorUI\OSS.BlazorUI.csproj", "{E5FFA632-1737-4A01-AC38-153F64C4619E}"
EndProject
Global
	GlobalSection(SolutionConfigurationPlatforms) = preSolution
		Debug|Any CPU = Debug|Any CPU
		Release|Any CPU = Release|Any CPU
	EndGlobalSection
	GlobalSection(ProjectConfigurationPlatforms) = postSolution
		{B46BDF23-A161-4C48-8466-60F5982FA11A}.Debug|Any CPU.ActiveCfg = Debug|Any CPU
		{B46BDF23-A161-4C48-8466-60F5982FA11A}.Debug|Any CPU.Build.0 = Debug|Any CPU
		{B46BDF23-A161-4C48-8466-60F5982FA11A}.Release|Any CPU.ActiveCfg = Release|Any CPU
		{B46BDF23-A161-4C48-8466-60F5982FA11A}.Release|Any CPU.Build.0 = Release|Any CPU
		{19DFA28B-4FDD-4180-AA37-F09DE10631CB}.Debug|Any CPU.ActiveCfg = Debug|Any CPU
		{19DFA28B-4FDD-4180-AA37-F09DE10631CB}.Debug|Any CPU.Build.0 = Debug|Any CPU
		{19DFA28B-4FDD-4180-AA37-F09DE10631CB}.Release|Any CPU.ActiveCfg = Release|Any CPU
		{19DFA28B-4FDD-4180-AA37-F09DE10631CB}.Release|Any CPU.Build.0 = Release|Any CPU
		{623A5AC7-93F7-4D9B-B256-59F69C71BFDB}.Debug|Any CPU.ActiveCfg = Debug|Any CPU
		{623A5AC7-93F7-4D9B-B256-59F69C71BFDB}.Debug|Any CPU.Build.0 = Debug|Any CPU
		{623A5AC7-93F7-4D9B-B256-59F69C71BFDB}.Release|Any CPU.ActiveCfg = Release|Any CPU
		{623A5AC7-93F7-4D9B-B256-59F69C71BFDB}.Release|Any CPU.Build.0 = Release|Any CPU
		{C6C27A7E-6075-4E3C-A56A-04C6A7B7EC2E}.Debug|Any CPU.ActiveCfg = Debug|Any CPU
		{C6C27A7E-6075-4E3C-A56A-04C6A7B7EC2E}.Debug|Any CPU.Build.0 = Debug|Any CPU
		{C6C27A7E-6075-4E3C-A56A-04C6A7B7EC2E}.Release|Any CPU.ActiveCfg = Release|Any CPU
		{C6C27A7E-6075-4E3C-A56A-04C6A7B7EC2E}.Release|Any CPU.Build.0 = Release|Any CPU
		{E5FFA632-1737-4A01-AC38-153F64C4619E}.Debug|Any CPU.ActiveCfg = Debug|Any CPU
		{E5FFA632-1737-4A01-AC38-153F64C4619E}.Debug|Any CPU.Build.0 = Debug|Any CPU
		{E5FFA632-1737-4A01-AC38-153F64C4619E}.Release|Any CPU.ActiveCfg = Release|Any CPU
		{E5FFA632-1737-4A01-AC38-153F64C4619E}.Release|Any CPU.Build.0 = Release|Any CPU
	EndGlobalSection
	GlobalSection(SolutionProperties) = preSolution
		HideSolutionNode = FALSE
	EndGlobalSection
	GlobalSection(ExtensibilityGlobals) = postSolution
		SolutionGuid = {7BF0CB0D-0491-4086-BC77-C2C11BC72C86}
	EndGlobalSection
EndGlobal
