
Microsoft Visual Studio Solution File, Format Version 12.00
# Visual Studio Version 16
VisualStudioVersion = 16.0.29411.108
MinimumVisualStudioVersion = 10.0.40219.1
Project("{9A19103F-16F7-4668-BE54-9A1E7A4F7556}") = "OpenShiftScheduler", "OpenShiftScheduler\OpenShiftScheduler.csproj", "{0675FAE1-A8BC-4F8B-92BE-610C699BC5F3}"
EndProject
Project("{9A19103F-16F7-4668-BE54-9A1E7A4F7556}") = "Sample", "Sample\Sample.csproj", "{013BB6AE-F0E3-4DAA-B122-320D77090D05}"
EndProject
Project("{9A19103F-16F7-4668-BE54-9A1E7A4F7556}") = "OSS.Domain", "src\OSS.Domain\OSS.Domain.csproj", "{B46BDF23-A161-4C48-8466-60F5982FA11A}"
EndProject
Project("{9A19103F-16F7-4668-BE54-9A1E7A4F7556}") = "OSS.App", "src\OSS.App\OSS.App.csproj", "{19DFA28B-4FDD-4180-AA37-F09DE10631CB}"
EndProject
Project("{9A19103F-16F7-4668-BE54-9A1E7A4F7556}") = "OSS.Infra", "src\OSS.Infra\OSS.Infra.csproj", "{623A5AC7-93F7-4D9B-B256-59F69C71BFDB}"
EndProject
Global
	GlobalSection(SolutionConfigurationPlatforms) = preSolution
		Debug|Any CPU = Debug|Any CPU
		Release|Any CPU = Release|Any CPU
	EndGlobalSection
	GlobalSection(ProjectConfigurationPlatforms) = postSolution
		{0675FAE1-A8BC-4F8B-92BE-610C699BC5F3}.Debug|Any CPU.ActiveCfg = Debug|Any CPU
		{0675FAE1-A8BC-4F8B-92BE-610C699BC5F3}.Debug|Any CPU.Build.0 = Debug|Any CPU
		{0675FAE1-A8BC-4F8B-92BE-610C699BC5F3}.Release|Any CPU.ActiveCfg = Release|Any CPU
		{0675FAE1-A8BC-4F8B-92BE-610C699BC5F3}.Release|Any CPU.Build.0 = Release|Any CPU
		{013BB6AE-F0E3-4DAA-B122-320D77090D05}.Debug|Any CPU.ActiveCfg = Debug|Any CPU
		{013BB6AE-F0E3-4DAA-B122-320D77090D05}.Debug|Any CPU.Build.0 = Debug|Any CPU
		{013BB6AE-F0E3-4DAA-B122-320D77090D05}.Release|Any CPU.ActiveCfg = Release|Any CPU
		{013BB6AE-F0E3-4DAA-B122-320D77090D05}.Release|Any CPU.Build.0 = Release|Any CPU
		{B46BDF23-A161-4C48-8466-60F5982FA11A}.Debug|Any CPU.ActiveCfg = Debug|Any CPU
		{B46BDF23-A161-4C48-8466-60F5982FA11A}.Debug|Any CPU.Build.0 = Debug|Any CPU
		{B46BDF23-A161-4C48-8466-60F5982FA11A}.Release|Any CPU.ActiveCfg = Release|Any CPU
		{B46BDF23-A161-4C48-8466-60F5982FA11A}.Release|Any CPU.Build.0 = Release|Any CPU
		{19DFA28B-4FDD-4180-AA37-F09DE10631CB}.Debug|Any CPU.ActiveCfg = Debug|Any CPU
		{19DFA28B-4FDD-4180-AA37-F09DE10631CB}.Debug|Any CPU.Build.0 = Debug|Any CPU
		{19DFA28B-4FDD-4180-AA37-F09DE10631CB}.Release|Any CPU.ActiveCfg = Release|Any CPU
		{19DFA28B-4FDD-4180-AA37-F09DE10631CB}.Release|Any CPU.Build.0 = Release|Any CPU
		{623A5AC7-93F7-4D9B-B256-59F69C71BFDB}.Debug|Any CPU.ActiveCfg = Debug|Any CPU
		{623A5AC7-93F7-4D9B-B256-59F69C71BFDB}.Debug|Any CPU.Build.0 = Debug|Any CPU
		{623A5AC7-93F7-4D9B-B256-59F69C71BFDB}.Release|Any CPU.ActiveCfg = Release|Any CPU
		{623A5AC7-93F7-4D9B-B256-59F69C71BFDB}.Release|Any CPU.Build.0 = Release|Any CPU
	EndGlobalSection
	GlobalSection(SolutionProperties) = preSolution
		HideSolutionNode = FALSE
	EndGlobalSection
	GlobalSection(ExtensibilityGlobals) = postSolution
		SolutionGuid = {7BF0CB0D-0491-4086-BC77-C2C11BC72C86}
	EndGlobalSection
EndGlobal
